// !$*UTF8*$!
{
	archiveVersion = 1;
	classes = {
	};
	objectVersion = 46;
	objects = {

/* Begin PBXBuildFile section */
		3F378FC61DE69DB6006211AB /* PlayScene.swift in Sources */ = {isa = PBXBuildFile; fileRef = 3F378FC51DE69DB6006211AB /* PlayScene.swift */; };
		3F378FCA1DE6AADC006211AB /* heroStats.swift in Sources */ = {isa = PBXBuildFile; fileRef = 3F378FC91DE6AADC006211AB /* heroStats.swift */; };
		3F378FCD1DE6AD44006211AB /* Items.swift in Sources */ = {isa = PBXBuildFile; fileRef = 3F378FCC1DE6AD44006211AB /* Items.swift */; };
		3F378FCF1DE6BF08006211AB /* enemy.swift in Sources */ = {isa = PBXBuildFile; fileRef = 3F378FCE1DE6BF08006211AB /* enemy.swift */; };
		3F378FD11DEFF32B006211AB /* inventory.swift in Sources */ = {isa = PBXBuildFile; fileRef = 3F378FD01DEFF32B006211AB /* inventory.swift */; };
		3F378FD31DF123BE006211AB /* AdventureScene.swift in Sources */ = {isa = PBXBuildFile; fileRef = 3F378FD21DF123BE006211AB /* AdventureScene.swift */; };
		3F378FD51DF13141006211AB /* Adventure.swift in Sources */ = {isa = PBXBuildFile; fileRef = 3F378FD41DF13141006211AB /* Adventure.swift */; };
		3F378FD71DF239CC006211AB /* aboutScene.swift in Sources */ = {isa = PBXBuildFile; fileRef = 3F378FD61DF239CC006211AB /* aboutScene.swift */; };
		3F378FD91DF23B2D006211AB /* instructionsScene.swift in Sources */ = {isa = PBXBuildFile; fileRef = 3F378FD81DF23B2D006211AB /* instructionsScene.swift */; };
		3F3862471DE67BA30071472C /* AppDelegate.swift in Sources */ = {isa = PBXBuildFile; fileRef = 3F3862461DE67BA30071472C /* AppDelegate.swift */; };
		3F3862491DE67BA30071472C /* GameScene.sks in Resources */ = {isa = PBXBuildFile; fileRef = 3F3862481DE67BA30071472C /* GameScene.sks */; };
		3F38624B1DE67BA30071472C /* Actions.sks in Resources */ = {isa = PBXBuildFile; fileRef = 3F38624A1DE67BA30071472C /* Actions.sks */; };
		3F38624D1DE67BA30071472C /* GameScene.swift in Sources */ = {isa = PBXBuildFile; fileRef = 3F38624C1DE67BA30071472C /* GameScene.swift */; };
		3F38624F1DE67BA30071472C /* GameViewController.swift in Sources */ = {isa = PBXBuildFile; fileRef = 3F38624E1DE67BA30071472C /* GameViewController.swift */; };
		3F3862521DE67BA30071472C /* Main.storyboard in Resources */ = {isa = PBXBuildFile; fileRef = 3F3862501DE67BA30071472C /* Main.storyboard */; };
		3F3862541DE67BA40071472C /* Assets.xcassets in Resources */ = {isa = PBXBuildFile; fileRef = 3F3862531DE67BA40071472C /* Assets.xcassets */; };
		3F3862571DE67BA40071472C /* LaunchScreen.storyboard in Resources */ = {isa = PBXBuildFile; fileRef = 3F3862551DE67BA40071472C /* LaunchScreen.storyboard */; };
/* End PBXBuildFile section */

/* Begin PBXFileReference section */
		3F378FC51DE69DB6006211AB /* PlayScene.swift */ = {isa = PBXFileReference; fileEncoding = 4; lastKnownFileType = sourcecode.swift; path = PlayScene.swift; sourceTree = "<group>"; };
		3F378FC91DE6AADC006211AB /* heroStats.swift */ = {isa = PBXFileReference; fileEncoding = 4; lastKnownFileType = sourcecode.swift; path = heroStats.swift; sourceTree = "<group>"; };
		3F378FCC1DE6AD44006211AB /* Items.swift */ = {isa = PBXFileReference; fileEncoding = 4; lastKnownFileType = sourcecode.swift; path = Items.swift; sourceTree = "<group>"; };
		3F378FCE1DE6BF08006211AB /* enemy.swift */ = {isa = PBXFileReference; fileEncoding = 4; lastKnownFileType = sourcecode.swift; path = enemy.swift; sourceTree = "<group>"; };
		3F378FD01DEFF32B006211AB /* inventory.swift */ = {isa = PBXFileReference; fileEncoding = 4; lastKnownFileType = sourcecode.swift; path = inventory.swift; sourceTree = "<group>"; };
		3F378FD21DF123BE006211AB /* AdventureScene.swift */ = {isa = PBXFileReference; fileEncoding = 4; lastKnownFileType = sourcecode.swift; path = AdventureScene.swift; sourceTree = "<group>"; };
		3F378FD41DF13141006211AB /* Adventure.swift */ = {isa = PBXFileReference; fileEncoding = 4; lastKnownFileType = sourcecode.swift; path = Adventure.swift; sourceTree = "<group>"; };
		3F378FD61DF239CC006211AB /* aboutScene.swift */ = {isa = PBXFileReference; fileEncoding = 4; lastKnownFileType = sourcecode.swift; path = aboutScene.swift; sourceTree = "<group>"; };
		3F378FD81DF23B2D006211AB /* instructionsScene.swift */ = {isa = PBXFileReference; fileEncoding = 4; lastKnownFileType = sourcecode.swift; path = instructionsScene.swift; sourceTree = "<group>"; };
		3F3862431DE67BA30071472C /* SPG.app */ = {isa = PBXFileReference; explicitFileType = wrapper.application; includeInIndex = 0; path = SPG.app; sourceTree = BUILT_PRODUCTS_DIR; };
		3F3862461DE67BA30071472C /* AppDelegate.swift */ = {isa = PBXFileReference; lastKnownFileType = sourcecode.swift; path = AppDelegate.swift; sourceTree = "<group>"; };
		3F3862481DE67BA30071472C /* GameScene.sks */ = {isa = PBXFileReference; lastKnownFileType = file.sks; path = GameScene.sks; sourceTree = "<group>"; };
		3F38624A1DE67BA30071472C /* Actions.sks */ = {isa = PBXFileReference; lastKnownFileType = file.sks; path = Actions.sks; sourceTree = "<group>"; };
		3F38624C1DE67BA30071472C /* GameScene.swift */ = {isa = PBXFileReference; lastKnownFileType = sourcecode.swift; path = GameScene.swift; sourceTree = "<group>"; };
		3F38624E1DE67BA30071472C /* GameViewController.swift */ = {isa = PBXFileReference; lastKnownFileType = sourcecode.swift; path = GameViewController.swift; sourceTree = "<group>"; };
		3F3862511DE67BA30071472C /* Base */ = {isa = PBXFileReference; lastKnownFileType = file.storyboard; name = Base; path = Base.lproj/Main.storyboard; sourceTree = "<group>"; };
		3F3862531DE67BA40071472C /* Assets.xcassets */ = {isa = PBXFileReference; lastKnownFileType = folder.assetcatalog; path = Assets.xcassets; sourceTree = "<group>"; };
		3F3862561DE67BA40071472C /* Base */ = {isa = PBXFileReference; lastKnownFileType = file.storyboard; name = Base; path = Base.lproj/LaunchScreen.storyboard; sourceTree = "<group>"; };
		3F3862581DE67BA40071472C /* Info.plist */ = {isa = PBXFileReference; lastKnownFileType = text.plist.xml; path = Info.plist; sourceTree = "<group>"; };
/* End PBXFileReference section */

/* Begin PBXFrameworksBuildPhase section */
		3F3862401DE67BA30071472C /* Frameworks */ = {
			isa = PBXFrameworksBuildPhase;
			buildActionMask = 2147483647;
			files = (
			);
			runOnlyForDeploymentPostprocessing = 0;
		};
/* End PBXFrameworksBuildPhase section */

/* Begin PBXGroup section */
		3F378FC81DE69DC6006211AB /* Scenes */ = {
			isa = PBXGroup;
			children = (
				3F38624C1DE67BA30071472C /* GameScene.swift */,
				3F378FC51DE69DB6006211AB /* PlayScene.swift */,
				3F378FD21DF123BE006211AB /* AdventureScene.swift */,
				3F378FD61DF239CC006211AB /* aboutScene.swift */,
				3F378FD81DF23B2D006211AB /* instructionsScene.swift */,
			);
			name = Scenes;
			sourceTree = "<group>";
		};
		3F378FCB1DE6AD13006211AB /* Classes */ = {
			isa = PBXGroup;
			children = (
				3F378FC91DE6AADC006211AB /* heroStats.swift */,
				3F378FCC1DE6AD44006211AB /* Items.swift */,
				3F378FCE1DE6BF08006211AB /* enemy.swift */,
				3F378FD01DEFF32B006211AB /* inventory.swift */,
				3F378FD41DF13141006211AB /* Adventure.swift */,
			);
			name = Classes;
			sourceTree = "<group>";
		};
		3F378FDA1DF24127006211AB /* Sounds */ = {
			isa = PBXGroup;
			children = (
			);
			name = Sounds;
			sourceTree = "<group>";
		};
		3F38623A1DE67BA30071472C = {
			isa = PBXGroup;
			children = (
				3F3862451DE67BA30071472C /* SPG */,
				3F3862441DE67BA30071472C /* Products */,
			);
			sourceTree = "<group>";
		};
		3F3862441DE67BA30071472C /* Products */ = {
			isa = PBXGroup;
			children = (
				3F3862431DE67BA30071472C /* SPG.app */,
			);
			name = Products;
			sourceTree = "<group>";
		};
		3F3862451DE67BA30071472C /* SPG */ = {
			isa = PBXGroup;
			children = (
				3F378FDA1DF24127006211AB /* Sounds */,
				3F378FCB1DE6AD13006211AB /* Classes */,
				3F378FC81DE69DC6006211AB /* Scenes */,
				3F3862461DE67BA30071472C /* AppDelegate.swift */,
				3F3862481DE67BA30071472C /* GameScene.sks */,
				3F38624A1DE67BA30071472C /* Actions.sks */,
				3F38624E1DE67BA30071472C /* GameViewController.swift */,
				3F3862501DE67BA30071472C /* Main.storyboard */,
				3F3862531DE67BA40071472C /* Assets.xcassets */,
				3F3862551DE67BA40071472C /* LaunchScreen.storyboard */,
				3F3862581DE67BA40071472C /* Info.plist */,
			);
			path = SPG;
			sourceTree = "<group>";
		};
/* End PBXGroup section */

/* Begin PBXNativeTarget section */
		3F3862421DE67BA30071472C /* SPG */ = {
			isa = PBXNativeTarget;
			buildConfigurationList = 3F38625B1DE67BA40071472C /* Build configuration list for PBXNativeTarget "SPG" */;
			buildPhases = (
				3F38623F1DE67BA30071472C /* Sources */,
				3F3862401DE67BA30071472C /* Frameworks */,
				3F3862411DE67BA30071472C /* Resources */,
			);
			buildRules = (
			);
			dependencies = (
			);
			name = SPG;
			productName = SPG;
			productReference = 3F3862431DE67BA30071472C /* SPG.app */;
			productType = "com.apple.product-type.application";
		};
/* End PBXNativeTarget section */

/* Begin PBXProject section */
		3F38623B1DE67BA30071472C /* Project object */ = {
			isa = PBXProject;
			attributes = {
				LastSwiftUpdateCheck = 0810;
				LastUpgradeCheck = 0810;
				ORGANIZATIONNAME = WestNet;
				TargetAttributes = {
					3F3862421DE67BA30071472C = {
						CreatedOnToolsVersion = 8.1;
						DevelopmentTeam = NDRAGFQV5M;
						ProvisioningStyle = Automatic;
					};
				};
			};
			buildConfigurationList = 3F38623E1DE67BA30071472C /* Build configuration list for PBXProject "SPG" */;
			compatibilityVersion = "Xcode 3.2";
			developmentRegion = English;
			hasScannedForEncodings = 0;
			knownRegions = (
				en,
				Base,
			);
			mainGroup = 3F38623A1DE67BA30071472C;
			productRefGroup = 3F3862441DE67BA30071472C /* Products */;
			projectDirPath = "";
			projectRoot = "";
			targets = (
				3F3862421DE67BA30071472C /* SPG */,
			);
		};
/* End PBXProject section */

/* Begin PBXResourcesBuildPhase section */
		3F3862411DE67BA30071472C /* Resources */ = {
			isa = PBXResourcesBuildPhase;
			buildActionMask = 2147483647;
			files = (
				3F3862521DE67BA30071472C /* Main.storyboard in Resources */,
				3F3862491DE67BA30071472C /* GameScene.sks in Resources */,
				3F3862541DE67BA40071472C /* Assets.xcassets in Resources */,
				3F3862571DE67BA40071472C /* LaunchScreen.storyboard in Resources */,
				3F38624B1DE67BA30071472C /* Actions.sks in Resources */,
			);
			runOnlyForDeploymentPostprocessing = 0;
		};
/* End PBXResourcesBuildPhase section */

/* Begin PBXSourcesBuildPhase section */
		3F38623F1DE67BA30071472C /* Sources */ = {
			isa = PBXSourcesBuildPhase;
			buildActionMask = 2147483647;
			files = (
				3F378FD71DF239CC006211AB /* aboutScene.swift in Sources */,
				3F378FD11DEFF32B006211AB /* inventory.swift in Sources */,
				3F38624D1DE67BA30071472C /* GameScene.swift in Sources */,
				3F38624F1DE67BA30071472C /* GameViewController.swift in Sources */,
				3F378FD31DF123BE006211AB /* AdventureScene.swift in Sources */,
				3F378FD91DF23B2D006211AB /* instructionsScene.swift in Sources */,
				3F378FCA1DE6AADC006211AB /* heroStats.swift in Sources */,
				3F378FCF1DE6BF08006211AB /* enemy.swift in Sources */,
				3F378FC61DE69DB6006211AB /* PlayScene.swift in Sources */,
				3F378FCD1DE6AD44006211AB /* Items.swift in Sources */,
				3F378FD51DF13141006211AB /* Adventure.swift in Sources */,
				3F3862471DE67BA30071472C /* AppDelegate.swift in Sources */,
			);
			runOnlyForDeploymentPostprocessing = 0;
		};
/* End PBXSourcesBuildPhase section */

/* Begin PBXVariantGroup section */
		3F3862501DE67BA30071472C /* Main.storyboard */ = {
			isa = PBXVariantGroup;
			children = (
				3F3862511DE67BA30071472C /* Base */,
			);
			name = Main.storyboard;
			sourceTree = "<group>";
		};
		3F3862551DE67BA40071472C /* LaunchScreen.storyboard */ = {
			isa = PBXVariantGroup;
			children = (
				3F3862561DE67BA40071472C /* Base */,
			);
			name = LaunchScreen.storyboard;
			sourceTree = "<group>";
		};
/* End PBXVariantGroup section */

/* Begin XCBuildConfiguration section */
		3F3862591DE67BA40071472C /* Debug */ = {
			isa = XCBuildConfiguration;
			buildSettings = {
				ALWAYS_SEARCH_USER_PATHS = NO;
				CLANG_ANALYZER_NONNULL = YES;
				CLANG_CXX_LANGUAGE_STANDARD = "gnu++0x";
				CLANG_CXX_LIBRARY = "libc++";
				CLANG_ENABLE_MODULES = YES;
				CLANG_ENABLE_OBJC_ARC = YES;
				CLANG_WARN_BOOL_CONVERSION = YES;
				CLANG_WARN_CONSTANT_CONVERSION = YES;
				CLANG_WARN_DIRECT_OBJC_ISA_USAGE = YES_ERROR;
				CLANG_WARN_DOCUMENTATION_COMMENTS = YES;
				CLANG_WARN_EMPTY_BODY = YES;
				CLANG_WARN_ENUM_CONVERSION = YES;
				CLANG_WARN_INFINITE_RECURSION = YES;
				CLANG_WARN_INT_CONVERSION = YES;
				CLANG_WARN_OBJC_ROOT_CLASS = YES_ERROR;
				CLANG_WARN_SUSPICIOUS_MOVES = YES;
				CLANG_WARN_UNREACHABLE_CODE = YES;
				CLANG_WARN__DUPLICATE_METHOD_MATCH = YES;
				"CODE_SIGN_IDENTITY[sdk=iphoneos*]" = "iPhone Developer";
				COPY_PHASE_STRIP = NO;
				DEBUG_INFORMATION_FORMAT = dwarf;
				ENABLE_STRICT_OBJC_MSGSEND = YES;
				ENABLE_TESTABILITY = YES;
				GCC_C_LANGUAGE_STANDARD = gnu99;
				GCC_DYNAMIC_NO_PIC = NO;
				GCC_NO_COMMON_BLOCKS = YES;
				GCC_OPTIMIZATION_LEVEL = 0;
				GCC_PREPROCESSOR_DEFINITIONS = (
					"DEBUG=1",
					"$(inherited)",
				);
				GCC_WARN_64_TO_32_BIT_CONVERSION = YES;
				GCC_WARN_ABOUT_RETURN_TYPE = YES_ERROR;
				GCC_WARN_UNDECLARED_SELECTOR = YES;
				GCC_WARN_UNINITIALIZED_AUTOS = YES_AGGRESSIVE;
				GCC_WARN_UNUSED_FUNCTION = YES;
				GCC_WARN_UNUSED_VARIABLE = YES;
				IPHONEOS_DEPLOYMENT_TARGET = 10.1;
				MTL_ENABLE_DEBUG_INFO = YES;
				ONLY_ACTIVE_ARCH = YES;
				SDKROOT = iphoneos;
				SWIFT_ACTIVE_COMPILATION_CONDITIONS = DEBUG;
				SWIFT_OPTIMIZATION_LEVEL = "-Onone";
				TARGETED_DEVICE_FAMILY = "1,2";
			};
			name = Debug;
		};
		3F38625A1DE67BA40071472C /* Release */ = {
			isa = XCBuildConfiguration;
			buildSettings = {
				ALWAYS_SEARCH_USER_PATHS = NO;
				CLANG_ANALYZER_NONNULL = YES;
				CLANG_CXX_LANGUAGE_STANDARD = "gnu++0x";
				CLANG_CXX_LIBRARY = "libc++";
				CLANG_ENABLE_MODULES = YES;
				CLANG_ENABLE_OBJC_ARC = YES;
				CLANG_WARN_BOOL_CONVERSION = YES;
				CLANG_WARN_CONSTANT_CONVERSION = YES;
				CLANG_WARN_DIRECT_OBJC_ISA_USAGE = YES_ERROR;
				CLANG_WARN_DOCUMENTATION_COMMENTS = YES;
				CLANG_WARN_EMPTY_BODY = YES;
				CLANG_WARN_ENUM_CONVERSION = YES;
				CLANG_WARN_INFINITE_RECURSION = YES;
				CLANG_WARN_INT_CONVERSION = YES;
				CLANG_WARN_OBJC_ROOT_CLASS = YES_ERROR;
				CLANG_WARN_SUSPICIOUS_MOVES = YES;
				CLANG_WARN_UNREACHABLE_CODE = YES;
				CLANG_WARN__DUPLICATE_METHOD_MATCH = YES;
				"CODE_SIGN_IDENTITY[sdk=iphoneos*]" = "iPhone Developer";
				COPY_PHASE_STRIP = NO;
				DEBUG_INFORMATION_FORMAT = "dwarf-with-dsym";
				ENABLE_NS_ASSERTIONS = NO;
				ENABLE_STRICT_OBJC_MSGSEND = YES;
				GCC_C_LANGUAGE_STANDARD = gnu99;
				GCC_NO_COMMON_BLOCKS = YES;
				GCC_WARN_64_TO_32_BIT_CONVERSION = YES;
				GCC_WARN_ABOUT_RETURN_TYPE = YES_ERROR;
				GCC_WARN_UNDECLARED_SELECTOR = YES;
				GCC_WARN_UNINITIALIZED_AUTOS = YES_AGGRESSIVE;
				GCC_WARN_UNUSED_FUNCTION = YES;
				GCC_WARN_UNUSED_VARIABLE = YES;
				IPHONEOS_DEPLOYMENT_TARGET = 10.1;
				MTL_ENABLE_DEBUG_INFO = NO;
				SDKROOT = iphoneos;
				SWIFT_OPTIMIZATION_LEVEL = "-Owholemodule";
				TARGETED_DEVICE_FAMILY = "1,2";
				VALIDATE_PRODUCT = YES;
			};
			name = Release;
		};
		3F38625C1DE67BA40071472C /* Debug */ = {
			isa = XCBuildConfiguration;
			buildSettings = {
				ASSETCATALOG_COMPILER_APPICON_NAME = AppIcon;
				DEVELOPMENT_TEAM = NDRAGFQV5M;
				INFOPLIST_FILE = SPG/Info.plist;
				LD_RUNPATH_SEARCH_PATHS = "$(inherited) @executable_path/Frameworks";
				PRODUCT_BUNDLE_IDENTIFIER = WN.SPG;
				PRODUCT_NAME = "$(TARGET_NAME)";
				SWIFT_VERSION = 3.0;
			};
			name = Debug;
		};
		3F38625D1DE67BA40071472C /* Release */ = {
			isa = XCBuildConfiguration;
			buildSettings = {
				ASSETCATALOG_COMPILER_APPICON_NAME = AppIcon;
				DEVELOPMENT_TEAM = NDRAGFQV5M;
				INFOPLIST_FILE = SPG/Info.plist;
				LD_RUNPATH_SEARCH_PATHS = "$(inherited) @executable_path/Frameworks";
				PRODUCT_BUNDLE_IDENTIFIER = WN.SPG;
				PRODUCT_NAME = "$(TARGET_NAME)";
				SWIFT_VERSION = 3.0;
			};
			name = Release;
		};
/* End XCBuildConfiguration section */

/* Begin XCConfigurationList section */
		3F38623E1DE67BA30071472C /* Build configuration list for PBXProject "SPG" */ = {
			isa = XCConfigurationList;
			buildConfigurations = (
				3F3862591DE67BA40071472C /* Debug */,
				3F38625A1DE67BA40071472C /* Release */,
			);
			defaultConfigurationIsVisible = 0;
			defaultConfigurationName = Release;
		};
		3F38625B1DE67BA40071472C /* Build configuration list for PBXNativeTarget "SPG" */ = {
			isa = XCConfigurationList;
			buildConfigurations = (
				3F38625C1DE67BA40071472C /* Debug */,
				3F38625D1DE67BA40071472C /* Release */,
			);
			defaultConfigurationIsVisible = 0;
			defaultConfigurationName = Release;
		};
/* End XCConfigurationList section */
	};
	rootObject = 3F38623B1DE67BA30071472C /* Project object */;
}
